
Microsoft Visual Studio Solution File, Format Version 12.00
# Visual Studio Version 16
VisualStudioVersion = 16.0.30114.105
MinimumVisualStudioVersion = 10.0.40219.1
Project("{FAE04EC0-301F-11D3-BF4B-00C04F79EFBC}") = "ChessConsole", "ChessConsole\ChessConsole.csproj", "{BA5A9172-2988-4E0B-BBB1-D100A8A05C80}"
EndProject
Global
	GlobalSection(SolutionConfigurationPlatforms) = preSolution
		Debug|Any CPU = Debug|Any CPU
		Release|Any CPU = Release|Any CPU
	EndGlobalSection
	GlobalSection(ProjectConfigurationPlatforms) = postSolution
		{BA5A9172-2988-4E0B-BBB1-D100A8A05C80}.Debug|Any CPU.ActiveCfg = Debug|Any CPU
		{BA5A9172-2988-4E0B-BBB1-D100A8A05C80}.Debug|Any CPU.Build.0 = Debug|Any CPU
		{BA5A9172-2988-4E0B-BBB1-D100A8A05C80}.Release|Any CPU.ActiveCfg = Release|Any CPU
		{BA5A9172-2988-4E0B-BBB1-D100A8A05C80}.Release|Any CPU.Build.0 = Release|Any CPU
	EndGlobalSection
	GlobalSection(SolutionProperties) = preSolution
		HideSolutionNode = FALSE
	EndGlobalSection
	GlobalSection(ExtensibilityGlobals) = postSolution
		SolutionGuid = {CD50FC8C-B495-48B8-B627-5834CA98CF11}
	EndGlobalSection
EndGlobal
